
Microsoft Visual Studio Solution File, Format Version 12.00
# Visual Studio Version 16
VisualStudioVersion = 16.0.30011.22
MinimumVisualStudioVersion = 10.0.40219.1
Project("{2150E333-8FDC-42A3-9474-1A3956D46DE8}") = "Domain", "Domain", "{BEA5907A-FCFB-4CBE-B26D-B213D3FCE74F}"
EndProject
Project("{2150E333-8FDC-42A3-9474-1A3956D46DE8}") = "Infratructure.Bus", "Infratructure.Bus", "{3AAA214C-33C8-4778-BD0C-5A62E1035732}"
EndProject
Project("{2150E333-8FDC-42A3-9474-1A3956D46DE8}") = "Infrastructure.IoC", "Infrastructure.IoC", "{746593EE-7E8B-4182-9941-BDF18C607D65}"
EndProject
Project("{2150E333-8FDC-42A3-9474-1A3956D46DE8}") = "Microservices", "Microservices", "{8A3BC4A6-E205-4C93-931E-48940EAA9282}"
EndProject
Project("{2150E333-8FDC-42A3-9474-1A3956D46DE8}") = "ApiGateway", "ApiGateway", "{6BBEF799-AF42-45A9-B5C0-2BF2F20600D1}"
EndProject
Project("{2150E333-8FDC-42A3-9474-1A3956D46DE8}") = "Presentation.APIs", "Presentation.APIs", "{6F6F231C-8C41-41B0-9283-1A7373896F7A}"
EndProject
Project("{2150E333-8FDC-42A3-9474-1A3956D46DE8}") = "Presentation.MVCs", "Presentation.MVCs", "{3F0D7A78-E68A-4154-A106-D24AF98FAD2E}"
EndProject
Project("{9A19103F-16F7-4668-BE54-9A1E7A4F7556}") = "E-ShopMicroservices.Domain.Core", "E-ShopMicroservices.Domain.Core\E-ShopMicroservices.Domain.Core.csproj", "{F4144691-366D-4D04-8A39-7B56B5B8CA87}"
EndProject
Project("{9A19103F-16F7-4668-BE54-9A1E7A4F7556}") = "E-ShopMicroservice.Infrastructure.Bus", "E-ShopMicroservice.Infrastructure.Bus\E-ShopMicroservice.Infrastructure.Bus.csproj", "{2A793820-8C9F-4842-9D8E-0338F55F4EDA}"
EndProject
Project("{9A19103F-16F7-4668-BE54-9A1E7A4F7556}") = "E-ShopMicroservices.Infrastructure.IoC", "E-ShopMicroservices.Infrastructure.IoC\E-ShopMicroservices.Infrastructure.IoC.csproj", "{0630F462-9848-48D6-808F-0E0B96E72CF3}"
EndProject
Project("{2150E333-8FDC-42A3-9474-1A3956D46DE8}") = "Common", "Common", "{75F0DF28-B9EF-466F-A5C5-25CC7F5AA643}"
EndProject
Project("{2150E333-8FDC-42A3-9474-1A3956D46DE8}") = "ProductService", "ProductService", "{A05ECFD9-00E1-476C-86DE-3AB7CCA576C8}"
EndProject
Project("{2150E333-8FDC-42A3-9474-1A3956D46DE8}") = "API", "API", "{C0E7C819-C6B8-452A-9819-11A48E72FFFB}"
EndProject
Project("{2150E333-8FDC-42A3-9474-1A3956D46DE8}") = "Domain", "Domain", "{B604F5AD-C6B5-4868-82F0-10282F44B605}"
EndProject
Project("{2150E333-8FDC-42A3-9474-1A3956D46DE8}") = "Application", "Application", "{045A2C81-E954-46EA-9660-82E3399EDEF3}"
EndProject
Project("{9A19103F-16F7-4668-BE54-9A1E7A4F7556}") = "E-ShopMicroservice.Microservices.ProductService.API", "E-ShopMicroservice.Microservices.ProductService.API\E-ShopMicroservice.Microservices.ProductService.API.csproj", "{D0545B94-1CDF-4278-9D6B-38900A22B8AB}"
EndProject
Project("{9A19103F-16F7-4668-BE54-9A1E7A4F7556}") = "E-ShopMicroservice.Microservices.ProductService.Application", "E-ShopMicroservice.Microservices.ProductService.Application\E-ShopMicroservice.Microservices.ProductService.Application.csproj", "{90458CFE-81CC-4B8A-B04B-3DAF9CC2EB26}"
EndProject
Project("{9A19103F-16F7-4668-BE54-9A1E7A4F7556}") = "E-ShopMicroservice.Microservices.ProductService.Domain", "E-ShopMicroservice.Microservices.ProductService.Domain\E-ShopMicroservice.Microservices.ProductService.Domain.csproj", "{1C23AB74-1A5A-45CB-87EE-303BAA5279E0}"
EndProject
Project("{9A19103F-16F7-4668-BE54-9A1E7A4F7556}") = "E-ShopMicroservices.Common", "E-ShopMicroservices.Commons.Common\E-ShopMicroservices.Common.csproj", "{A2E73361-8C88-45F0-981B-DD2ACDFA806C}"
EndProject
Project("{2150E333-8FDC-42A3-9474-1A3956D46DE8}") = "Data", "Data", "{97325866-6D1F-46D7-86D9-7FE72EBD4740}"
EndProject
Project("{9A19103F-16F7-4668-BE54-9A1E7A4F7556}") = "E-ShopMicroservices.Data.DAL", "E-ShopMicroservices.Data.DAL\E-ShopMicroservices.Data.DAL.csproj", "{503DADFD-1252-4311-9221-4A527076427A}"
EndProject
Project("{9A19103F-16F7-4668-BE54-9A1E7A4F7556}") = "E-ShopMicroservices.ApiGateway", "E-ShopMicroservices.ApiGateway\E-ShopMicroservices.ApiGateway.csproj", "{FF40F9D0-3A25-46E6-BC69-2E7A5CD346FB}"
EndProject
Project("{9A19103F-16F7-4668-BE54-9A1E7A4F7556}") = "E-ShopMicroservices.Presentation.API", "E-ShopMicroservices.Presentation.API\E-ShopMicroservices.Presentation.API.csproj", "{6B7C1B52-D710-4931-BFCE-B22E296C1673}"
EndProject
Project("{2150E333-8FDC-42A3-9474-1A3956D46DE8}") = "CartService", "CartService", "{69E59411-890F-43E0-B75F-9BEF22252345}"
EndProject
Project("{2150E333-8FDC-42A3-9474-1A3956D46DE8}") = "CategoryService", "CategoryService", "{91733963-CDF5-45D6-A579-C0A7579FD496}"
EndProject
Project("{2150E333-8FDC-42A3-9474-1A3956D46DE8}") = "OrderService", "OrderService", "{1433165B-9556-4711-9881-908E433BAC61}"
EndProject
Project("{2150E333-8FDC-42A3-9474-1A3956D46DE8}") = "PaymentService", "PaymentService", "{6C597848-D4B7-4D93-B229-A75E2CDE29B6}"
EndProject
Project("{2150E333-8FDC-42A3-9474-1A3956D46DE8}") = "NotificationService", "NotificationService", "{ACB74AEF-89DD-47D9-AD24-0B605BCAC4E8}"
EndProject
Project("{2150E333-8FDC-42A3-9474-1A3956D46DE8}") = "EmailSenderService", "EmailSenderService", "{3106248A-59C6-4293-A123-1C27A4CF28C5}"
EndProject
Project("{2150E333-8FDC-42A3-9474-1A3956D46DE8}") = "AdminService", "AdminService", "{00F4E926-D32B-430D-888D-42C08F3E7BB6}"
EndProject
Project("{2150E333-8FDC-42A3-9474-1A3956D46DE8}") = "UserService", "UserService", "{B205817F-5BC2-4994-92A0-C2457A75842E}"
EndProject
Project("{2150E333-8FDC-42A3-9474-1A3956D46DE8}") = "API", "API", "{49C211D2-9CCD-4E2A-BF9A-94343A28B121}"
EndProject
Project("{2150E333-8FDC-42A3-9474-1A3956D46DE8}") = "Application", "Application", "{061448E3-AE01-4BDE-9725-345BC9043F89}"
EndProject
Project("{2150E333-8FDC-42A3-9474-1A3956D46DE8}") = "Data", "Data", "{6AA0A773-5F5C-4B14-88D0-C0F43C0220EF}"
EndProject
Project("{2150E333-8FDC-42A3-9474-1A3956D46DE8}") = "Domain", "Domain", "{2227EBF4-C17C-4E05-8317-9C9B93661699}"
EndProject
Project("{9A19103F-16F7-4668-BE54-9A1E7A4F7556}") = "E-ShopMicroservices.UserService.API", "E-ShopMicroservices.UserService.API\E-ShopMicroservices.UserService.API.csproj", "{E776E48A-3E36-44D4-B994-3EAACBC39CA0}"
EndProject
Project("{9A19103F-16F7-4668-BE54-9A1E7A4F7556}") = "E-ShopMicroservices.UserService.Application", "E-ShopMicroservices.UserService.Application\E-ShopMicroservices.UserService.Application.csproj", "{5342D2C3-3758-4356-B35A-FE226A0F6157}"
EndProject
Project("{9A19103F-16F7-4668-BE54-9A1E7A4F7556}") = "E-ShopMicroservices.UserService.Domain", "E-ShopMicroservices.UserService.Domain\E-ShopMicroservices.UserService.Domain.csproj", "{37E72FBE-3D5E-4FC3-8B63-28A1D692386B}"
EndProject
Project("{9A19103F-16F7-4668-BE54-9A1E7A4F7556}") = "E-ShopMicroservices.UserService.Data", "E-ShopMicroservices.UserService.Data\E-ShopMicroservices.UserService.Data.csproj", "{B40DB1AF-CA76-474F-96B1-057F7BF931FD}"
EndProject
Project("{2150E333-8FDC-42A3-9474-1A3956D46DE8}") = "API", "API", "{43B84EB6-7F2E-4F0B-A0DE-126E0E84FF6D}"
EndProject
Project("{2150E333-8FDC-42A3-9474-1A3956D46DE8}") = "Domain", "Domain", "{1137FF98-C73E-4CD2-9F28-6178A517502F}"
EndProject
Project("{2150E333-8FDC-42A3-9474-1A3956D46DE8}") = "Data", "Data", "{024C458F-5DB5-417D-8F23-51F258B11A8D}"
EndProject
Project("{2150E333-8FDC-42A3-9474-1A3956D46DE8}") = "Application", "Application", "{7CBF473C-A27C-4578-A0DA-450AAF99BE16}"
EndProject
Global
	GlobalSection(SolutionConfigurationPlatforms) = preSolution
		Debug|Any CPU = Debug|Any CPU
		Release|Any CPU = Release|Any CPU
	EndGlobalSection
	GlobalSection(ProjectConfigurationPlatforms) = postSolution
		{F4144691-366D-4D04-8A39-7B56B5B8CA87}.Debug|Any CPU.ActiveCfg = Debug|Any CPU
		{F4144691-366D-4D04-8A39-7B56B5B8CA87}.Debug|Any CPU.Build.0 = Debug|Any CPU
		{F4144691-366D-4D04-8A39-7B56B5B8CA87}.Release|Any CPU.ActiveCfg = Release|Any CPU
		{F4144691-366D-4D04-8A39-7B56B5B8CA87}.Release|Any CPU.Build.0 = Release|Any CPU
		{2A793820-8C9F-4842-9D8E-0338F55F4EDA}.Debug|Any CPU.ActiveCfg = Debug|Any CPU
		{2A793820-8C9F-4842-9D8E-0338F55F4EDA}.Debug|Any CPU.Build.0 = Debug|Any CPU
		{2A793820-8C9F-4842-9D8E-0338F55F4EDA}.Release|Any CPU.ActiveCfg = Release|Any CPU
		{2A793820-8C9F-4842-9D8E-0338F55F4EDA}.Release|Any CPU.Build.0 = Release|Any CPU
		{0630F462-9848-48D6-808F-0E0B96E72CF3}.Debug|Any CPU.ActiveCfg = Debug|Any CPU
		{0630F462-9848-48D6-808F-0E0B96E72CF3}.Debug|Any CPU.Build.0 = Debug|Any CPU
		{0630F462-9848-48D6-808F-0E0B96E72CF3}.Release|Any CPU.ActiveCfg = Release|Any CPU
		{0630F462-9848-48D6-808F-0E0B96E72CF3}.Release|Any CPU.Build.0 = Release|Any CPU
		{D0545B94-1CDF-4278-9D6B-38900A22B8AB}.Debug|Any CPU.ActiveCfg = Debug|Any CPU
		{D0545B94-1CDF-4278-9D6B-38900A22B8AB}.Debug|Any CPU.Build.0 = Debug|Any CPU
		{D0545B94-1CDF-4278-9D6B-38900A22B8AB}.Release|Any CPU.ActiveCfg = Release|Any CPU
		{D0545B94-1CDF-4278-9D6B-38900A22B8AB}.Release|Any CPU.Build.0 = Release|Any CPU
		{90458CFE-81CC-4B8A-B04B-3DAF9CC2EB26}.Debug|Any CPU.ActiveCfg = Debug|Any CPU
		{90458CFE-81CC-4B8A-B04B-3DAF9CC2EB26}.Debug|Any CPU.Build.0 = Debug|Any CPU
		{90458CFE-81CC-4B8A-B04B-3DAF9CC2EB26}.Release|Any CPU.ActiveCfg = Release|Any CPU
		{90458CFE-81CC-4B8A-B04B-3DAF9CC2EB26}.Release|Any CPU.Build.0 = Release|Any CPU
		{1C23AB74-1A5A-45CB-87EE-303BAA5279E0}.Debug|Any CPU.ActiveCfg = Debug|Any CPU
		{1C23AB74-1A5A-45CB-87EE-303BAA5279E0}.Debug|Any CPU.Build.0 = Debug|Any CPU
		{1C23AB74-1A5A-45CB-87EE-303BAA5279E0}.Release|Any CPU.ActiveCfg = Release|Any CPU
		{1C23AB74-1A5A-45CB-87EE-303BAA5279E0}.Release|Any CPU.Build.0 = Release|Any CPU
		{A2E73361-8C88-45F0-981B-DD2ACDFA806C}.Debug|Any CPU.ActiveCfg = Debug|Any CPU
		{A2E73361-8C88-45F0-981B-DD2ACDFA806C}.Debug|Any CPU.Build.0 = Debug|Any CPU
		{A2E73361-8C88-45F0-981B-DD2ACDFA806C}.Release|Any CPU.ActiveCfg = Release|Any CPU
		{A2E73361-8C88-45F0-981B-DD2ACDFA806C}.Release|Any CPU.Build.0 = Release|Any CPU
		{503DADFD-1252-4311-9221-4A527076427A}.Debug|Any CPU.ActiveCfg = Debug|Any CPU
		{503DADFD-1252-4311-9221-4A527076427A}.Debug|Any CPU.Build.0 = Debug|Any CPU
		{503DADFD-1252-4311-9221-4A527076427A}.Release|Any CPU.ActiveCfg = Release|Any CPU
		{503DADFD-1252-4311-9221-4A527076427A}.Release|Any CPU.Build.0 = Release|Any CPU
		{FF40F9D0-3A25-46E6-BC69-2E7A5CD346FB}.Debug|Any CPU.ActiveCfg = Debug|Any CPU
		{FF40F9D0-3A25-46E6-BC69-2E7A5CD346FB}.Debug|Any CPU.Build.0 = Debug|Any CPU
		{FF40F9D0-3A25-46E6-BC69-2E7A5CD346FB}.Release|Any CPU.ActiveCfg = Release|Any CPU
		{FF40F9D0-3A25-46E6-BC69-2E7A5CD346FB}.Release|Any CPU.Build.0 = Release|Any CPU
		{6B7C1B52-D710-4931-BFCE-B22E296C1673}.Debug|Any CPU.ActiveCfg = Debug|Any CPU
		{6B7C1B52-D710-4931-BFCE-B22E296C1673}.Debug|Any CPU.Build.0 = Debug|Any CPU
		{6B7C1B52-D710-4931-BFCE-B22E296C1673}.Release|Any CPU.ActiveCfg = Release|Any CPU
		{6B7C1B52-D710-4931-BFCE-B22E296C1673}.Release|Any CPU.Build.0 = Release|Any CPU
		{E776E48A-3E36-44D4-B994-3EAACBC39CA0}.Debug|Any CPU.ActiveCfg = Debug|Any CPU
		{E776E48A-3E36-44D4-B994-3EAACBC39CA0}.Debug|Any CPU.Build.0 = Debug|Any CPU
		{E776E48A-3E36-44D4-B994-3EAACBC39CA0}.Release|Any CPU.ActiveCfg = Release|Any CPU
		{E776E48A-3E36-44D4-B994-3EAACBC39CA0}.Release|Any CPU.Build.0 = Release|Any CPU
		{5342D2C3-3758-4356-B35A-FE226A0F6157}.Debug|Any CPU.ActiveCfg = Debug|Any CPU
		{5342D2C3-3758-4356-B35A-FE226A0F6157}.Debug|Any CPU.Build.0 = Debug|Any CPU
		{5342D2C3-3758-4356-B35A-FE226A0F6157}.Release|Any CPU.ActiveCfg = Release|Any CPU
		{5342D2C3-3758-4356-B35A-FE226A0F6157}.Release|Any CPU.Build.0 = Release|Any CPU
		{37E72FBE-3D5E-4FC3-8B63-28A1D692386B}.Debug|Any CPU.ActiveCfg = Debug|Any CPU
		{37E72FBE-3D5E-4FC3-8B63-28A1D692386B}.Debug|Any CPU.Build.0 = Debug|Any CPU
		{37E72FBE-3D5E-4FC3-8B63-28A1D692386B}.Release|Any CPU.ActiveCfg = Release|Any CPU
		{37E72FBE-3D5E-4FC3-8B63-28A1D692386B}.Release|Any CPU.Build.0 = Release|Any CPU
		{B40DB1AF-CA76-474F-96B1-057F7BF931FD}.Debug|Any CPU.ActiveCfg = Debug|Any CPU
		{B40DB1AF-CA76-474F-96B1-057F7BF931FD}.Debug|Any CPU.Build.0 = Debug|Any CPU
		{B40DB1AF-CA76-474F-96B1-057F7BF931FD}.Release|Any CPU.ActiveCfg = Release|Any CPU
		{B40DB1AF-CA76-474F-96B1-057F7BF931FD}.Release|Any CPU.Build.0 = Release|Any CPU
	EndGlobalSection
	GlobalSection(SolutionProperties) = preSolution
		HideSolutionNode = FALSE
	EndGlobalSection
	GlobalSection(NestedProjects) = preSolution
		{F4144691-366D-4D04-8A39-7B56B5B8CA87} = {BEA5907A-FCFB-4CBE-B26D-B213D3FCE74F}
		{2A793820-8C9F-4842-9D8E-0338F55F4EDA} = {3AAA214C-33C8-4778-BD0C-5A62E1035732}
		{0630F462-9848-48D6-808F-0E0B96E72CF3} = {746593EE-7E8B-4182-9941-BDF18C607D65}
		{A05ECFD9-00E1-476C-86DE-3AB7CCA576C8} = {8A3BC4A6-E205-4C93-931E-48940EAA9282}
		{C0E7C819-C6B8-452A-9819-11A48E72FFFB} = {A05ECFD9-00E1-476C-86DE-3AB7CCA576C8}
		{B604F5AD-C6B5-4868-82F0-10282F44B605} = {A05ECFD9-00E1-476C-86DE-3AB7CCA576C8}
		{045A2C81-E954-46EA-9660-82E3399EDEF3} = {A05ECFD9-00E1-476C-86DE-3AB7CCA576C8}
		{D0545B94-1CDF-4278-9D6B-38900A22B8AB} = {C0E7C819-C6B8-452A-9819-11A48E72FFFB}
		{90458CFE-81CC-4B8A-B04B-3DAF9CC2EB26} = {045A2C81-E954-46EA-9660-82E3399EDEF3}
		{1C23AB74-1A5A-45CB-87EE-303BAA5279E0} = {B604F5AD-C6B5-4868-82F0-10282F44B605}
		{A2E73361-8C88-45F0-981B-DD2ACDFA806C} = {75F0DF28-B9EF-466F-A5C5-25CC7F5AA643}
		{97325866-6D1F-46D7-86D9-7FE72EBD4740} = {A05ECFD9-00E1-476C-86DE-3AB7CCA576C8}
		{503DADFD-1252-4311-9221-4A527076427A} = {97325866-6D1F-46D7-86D9-7FE72EBD4740}
		{FF40F9D0-3A25-46E6-BC69-2E7A5CD346FB} = {6BBEF799-AF42-45A9-B5C0-2BF2F20600D1}
		{6B7C1B52-D710-4931-BFCE-B22E296C1673} = {6F6F231C-8C41-41B0-9283-1A7373896F7A}
		{69E59411-890F-43E0-B75F-9BEF22252345} = {8A3BC4A6-E205-4C93-931E-48940EAA9282}
		{91733963-CDF5-45D6-A579-C0A7579FD496} = {8A3BC4A6-E205-4C93-931E-48940EAA9282}
		{1433165B-9556-4711-9881-908E433BAC61} = {8A3BC4A6-E205-4C93-931E-48940EAA9282}
		{6C597848-D4B7-4D93-B229-A75E2CDE29B6} = {8A3BC4A6-E205-4C93-931E-48940EAA9282}
		{ACB74AEF-89DD-47D9-AD24-0B605BCAC4E8} = {8A3BC4A6-E205-4C93-931E-48940EAA9282}
		{3106248A-59C6-4293-A123-1C27A4CF28C5} = {8A3BC4A6-E205-4C93-931E-48940EAA9282}
		{00F4E926-D32B-430D-888D-42C08F3E7BB6} = {8A3BC4A6-E205-4C93-931E-48940EAA9282}
		{B205817F-5BC2-4994-92A0-C2457A75842E} = {8A3BC4A6-E205-4C93-931E-48940EAA9282}
		{49C211D2-9CCD-4E2A-BF9A-94343A28B121} = {B205817F-5BC2-4994-92A0-C2457A75842E}
		{061448E3-AE01-4BDE-9725-345BC9043F89} = {B205817F-5BC2-4994-92A0-C2457A75842E}
		{6AA0A773-5F5C-4B14-88D0-C0F43C0220EF} = {B205817F-5BC2-4994-92A0-C2457A75842E}
		{2227EBF4-C17C-4E05-8317-9C9B93661699} = {B205817F-5BC2-4994-92A0-C2457A75842E}
		{E776E48A-3E36-44D4-B994-3EAACBC39CA0} = {49C211D2-9CCD-4E2A-BF9A-94343A28B121}
		{5342D2C3-3758-4356-B35A-FE226A0F6157} = {061448E3-AE01-4BDE-9725-345BC9043F89}
		{37E72FBE-3D5E-4FC3-8B63-28A1D692386B} = {2227EBF4-C17C-4E05-8317-9C9B93661699}
		{B40DB1AF-CA76-474F-96B1-057F7BF931FD} = {6AA0A773-5F5C-4B14-88D0-C0F43C0220EF}
		{43B84EB6-7F2E-4F0B-A0DE-126E0E84FF6D} = {00F4E926-D32B-430D-888D-42C08F3E7BB6}
		{1137FF98-C73E-4CD2-9F28-6178A517502F} = {00F4E926-D32B-430D-888D-42C08F3E7BB6}
		{024C458F-5DB5-417D-8F23-51F258B11A8D} = {00F4E926-D32B-430D-888D-42C08F3E7BB6}
		{7CBF473C-A27C-4578-A0DA-450AAF99BE16} = {00F4E926-D32B-430D-888D-42C08F3E7BB6}
	EndGlobalSection
	GlobalSection(ExtensibilityGlobals) = postSolution
		SolutionGuid = {17D352C5-311D-472E-A78E-622EF53E562C}
	EndGlobalSection
EndGlobal
